
Microsoft Visual Studio Solution File, Format Version 12.00
# Visual Studio Version 17
VisualStudioVersion = 17.4.33205.214
MinimumVisualStudioVersion = 10.0.40219.1
Project("{FAE04EC0-301F-11D3-BF4B-00C04F79EFBC}") = "PracticeAPI", "PracticeAPI\PracticeAPI.csproj", "{C5025B46-02C9-46C9-81F2-14F7F71A0232}"
EndProject
Global
	GlobalSection(SolutionConfigurationPlatforms) = preSolution
		Debug|Any CPU = Debug|Any CPU
		Release|Any CPU = Release|Any CPU
	EndGlobalSection
	GlobalSection(ProjectConfigurationPlatforms) = postSolution
		{C5025B46-02C9-46C9-81F2-14F7F71A0232}.Debug|Any CPU.ActiveCfg = Debug|Any CPU
		{C5025B46-02C9-46C9-81F2-14F7F71A0232}.Debug|Any CPU.Build.0 = Debug|Any CPU
		{C5025B46-02C9-46C9-81F2-14F7F71A0232}.Release|Any CPU.ActiveCfg = Release|Any CPU
		{C5025B46-02C9-46C9-81F2-14F7F71A0232}.Release|Any CPU.Build.0 = Release|Any CPU
	EndGlobalSection
	GlobalSection(SolutionProperties) = preSolution
		HideSolutionNode = FALSE
	EndGlobalSection
	GlobalSection(ExtensibilityGlobals) = postSolution
		SolutionGuid = {EB588BD6-F546-427F-9F16-BB3EAADC04CB}
	EndGlobalSection
EndGlobal
